// !$*UTF8*$!
{
	archiveVersion = 1;
	classes = {
	};
	objectVersion = 77;
	objects = {

/* Begin PBXBuildFile section */
		05C7B4062EA0059600FC3CE5 /* FTPClientLib in Frameworks */ = {isa = PBXBuildFile; productRef = 05C7B4052EA0059600FC3CE5 /* FTPClientLib */; };
/* End PBXBuildFile section */

/* Begin PBXContainerItemProxy section */
		05E810B32E9FFE1F0024CAB0 /* PBXContainerItemProxy */ = {
			isa = PBXContainerItemProxy;
			containerPortal = 05E8109B2E9FFE1C0024CAB0 /* Project object */;
			proxyType = 1;
			remoteGlobalIDString = 05E810A22E9FFE1C0024CAB0;
			remoteInfo = FTPClient;
		};
		05E810BD2E9FFE1F0024CAB0 /* PBXContainerItemProxy */ = {
			isa = PBXContainerItemProxy;
			containerPortal = 05E8109B2E9FFE1C0024CAB0 /* Project object */;
			proxyType = 1;
			remoteGlobalIDString = 05E810A22E9FFE1C0024CAB0;
			remoteInfo = FTPClient;
		};
/* End PBXContainerItemProxy section */

/* Begin PBXFileReference section */
		05CA17152F435F21003ACB25 /* FTPClient.xctestplan */ = {isa = PBXFileReference; lastKnownFileType = text; name = FTPClient.xctestplan; path = ../Archived/FTPClient.xctestplan; sourceTree = "<group>"; };
		05E810A32E9FFE1C0024CAB0 /* FTPClient.app */ = {isa = PBXFileReference; explicitFileType = wrapper.application; includeInIndex = 0; path = FTPClient.app; sourceTree = BUILT_PRODUCTS_DIR; };
		05E810B22E9FFE1F0024CAB0 /* FTPClientTests.xctest */ = {isa = PBXFileReference; explicitFileType = wrapper.cfbundle; includeInIndex = 0; path = FTPClientTests.xctest; sourceTree = BUILT_PRODUCTS_DIR; };
		05E810BC2E9FFE1F0024CAB0 /* FTPClientUITests.xctest */ = {isa = PBXFileReference; explicitFileType = wrapper.cfbundle; includeInIndex = 0; path = FTPClientUITests.xctest; sourceTree = BUILT_PRODUCTS_DIR; };
/* End PBXFileReference section */

/* Begin PBXFileSystemSynchronizedBuildFileExceptionSet section */
		0507EAB42F031CDC009BE259 /* Exceptions for "FTPClient" folder in "FTPClient" target */ = {
			isa = PBXFileSystemSynchronizedBuildFileExceptionSet;
			membershipExceptions = (
				Info.plist,
			);
			target = 05E810A22E9FFE1C0024CAB0 /* FTPClient */;
		};
		0507EAB92F031D32009BE259 /* Exceptions for "FTPClient" folder in "FTPClientTests" target */ = {
			isa = PBXFileSystemSynchronizedBuildFileExceptionSet;
			membershipExceptions = (
				"3270Condensed-Regular.ttf",
			);
			target = 05E810B12E9FFE1F0024CAB0 /* FTPClientTests */;
		};
		0507EABA2F031D32009BE259 /* Exceptions for "FTPClient" folder in "FTPClientUITests" target */ = {
			isa = PBXFileSystemSynchronizedBuildFileExceptionSet;
			membershipExceptions = (
				"3270Condensed-Regular.ttf",
			);
			target = 05E810BB2E9FFE1F0024CAB0 /* FTPClientUITests */;
		};
/* End PBXFileSystemSynchronizedBuildFileExceptionSet section */

/* Begin PBXFileSystemSynchronizedRootGroup section */
		05E810A52E9FFE1C0024CAB0 /* FTPClient */ = {
			isa = PBXFileSystemSynchronizedRootGroup;
			exceptions = (
				0507EAB42F031CDC009BE259 /* Exceptions for "FTPClient" folder in "FTPClient" target */,
				0507EAB92F031D32009BE259 /* Exceptions for "FTPClient" folder in "FTPClientTests" target */,
				0507EABA2F031D32009BE259 /* Exceptions for "FTPClient" folder in "FTPClientUITests" target */,
			);
			path = FTPClient;
			sourceTree = "<group>";
		};
		05E810B52E9FFE1F0024CAB0 /* FTPClientTests */ = {
			isa = PBXFileSystemSynchronizedRootGroup;
			path = FTPClientTests;
			sourceTree = "<group>";
		};
		05E810BF2E9FFE1F0024CAB0 /* FTPClientUITests */ = {
			isa = PBXFileSystemSynchronizedRootGroup;
			path = FTPClientUITests;
			sourceTree = "<group>";
		};
/* End PBXFileSystemSynchronizedRootGroup section */

/* Begin PBXFrameworksBuildPhase section */
		05E810A02E9FFE1C0024CAB0 /* Frameworks */ = {
			isa = PBXFrameworksBuildPhase;
			buildActionMask = 2147483647;
			files = (
				05C7B4062EA0059600FC3CE5 /* FTPClientLib in Frameworks */,
			);
			runOnlyForDeploymentPostprocessing = 0;
		};
		05E810AF2E9FFE1F0024CAB0 /* Frameworks */ = {
			isa = PBXFrameworksBuildPhase;
			buildActionMask = 2147483647;
			files = (
			);
			runOnlyForDeploymentPostprocessing = 0;
		};
		05E810B92E9FFE1F0024CAB0 /* Frameworks */ = {
			isa = PBXFrameworksBuildPhase;
			buildActionMask = 2147483647;
			files = (
			);
			runOnlyForDeploymentPostprocessing = 0;
		};
/* End PBXFrameworksBuildPhase section */

/* Begin PBXGroup section */
		05E8109A2E9FFE1C0024CAB0 = {
			isa = PBXGroup;
			children = (
				05CA17152F435F21003ACB25 /* FTPClient.xctestplan */,
				05E810A52E9FFE1C0024CAB0 /* FTPClient */,
				05E810B52E9FFE1F0024CAB0 /* FTPClientTests */,
				05E810BF2E9FFE1F0024CAB0 /* FTPClientUITests */,
				05E810A42E9FFE1C0024CAB0 /* Products */,
			);
			sourceTree = "<group>";
		};
		05E810A42E9FFE1C0024CAB0 /* Products */ = {
			isa = PBXGroup;
			children = (
				05E810A32E9FFE1C0024CAB0 /* FTPClient.app */,
				05E810B22E9FFE1F0024CAB0 /* FTPClientTests.xctest */,
				05E810BC2E9FFE1F0024CAB0 /* FTPClientUITests.xctest */,
			);
			name = Products;
			sourceTree = "<group>";
		};
/* End PBXGroup section */

/* Begin PBXNativeTarget section */
		05E810A22E9FFE1C0024CAB0 /* FTPClient */ = {
			isa = PBXNativeTarget;
			buildConfigurationList = 05E810C62E9FFE1F0024CAB0 /* Build configuration list for PBXNativeTarget "FTPClient" */;
			buildPhases = (
				05E8109F2E9FFE1C0024CAB0 /* Sources */,
				05E810A02E9FFE1C0024CAB0 /* Frameworks */,
				05E810A12E9FFE1C0024CAB0 /* Resources */,
			);
			buildRules = (
			);
			dependencies = (
			);
			fileSystemSynchronizedGroups = (
				05E810A52E9FFE1C0024CAB0 /* FTPClient */,
			);
			name = FTPClient;
			packageProductDependencies = (
				05C7B4052EA0059600FC3CE5 /* FTPClientLib */,
			);
			productName = FTPClient;
			productReference = 05E810A32E9FFE1C0024CAB0 /* FTPClient.app */;
			productType = "com.apple.product-type.application";
		};
		05E810B12E9FFE1F0024CAB0 /* FTPClientTests */ = {
			isa = PBXNativeTarget;
			buildConfigurationList = 05E810C92E9FFE1F0024CAB0 /* Build configuration list for PBXNativeTarget "FTPClientTests" */;
			buildPhases = (
				05E810AE2E9FFE1F0024CAB0 /* Sources */,
				05E810AF2E9FFE1F0024CAB0 /* Frameworks */,
				05E810B02E9FFE1F0024CAB0 /* Resources */,
			);
			buildRules = (
			);
			dependencies = (
				05E810B42E9FFE1F0024CAB0 /* PBXTargetDependency */,
			);
			fileSystemSynchronizedGroups = (
				05E810B52E9FFE1F0024CAB0 /* FTPClientTests */,
			);
			name = FTPClientTests;
			packageProductDependencies = (
			);
			productName = FTPClientTests;
			productReference = 05E810B22E9FFE1F0024CAB0 /* FTPClientTests.xctest */;
			productType = "com.apple.product-type.bundle.unit-test";
		};
		05E810BB2E9FFE1F0024CAB0 /* FTPClientUITests */ = {
			isa = PBXNativeTarget;
			buildConfigurationList = 05E810CC2E9FFE1F0024CAB0 /* Build configuration list for PBXNativeTarget "FTPClientUITests" */;
			buildPhases = (
				05E810B82E9FFE1F0024CAB0 /* Sources */,
				05E810B92E9FFE1F0024CAB0 /* Frameworks */,
				05E810BA2E9FFE1F0024CAB0 /* Resources */,
			);
			buildRules = (
			);
			dependencies = (
				05E810BE2E9FFE1F0024CAB0 /* PBXTargetDependency */,
			);
			fileSystemSynchronizedGroups = (
				05E810BF2E9FFE1F0024CAB0 /* FTPClientUITests */,
			);
			name = FTPClientUITests;
			packageProductDependencies = (
			);
			productName = FTPClientUITests;
			productReference = 05E810BC2E9FFE1F0024CAB0 /* FTPClientUITests.xctest */;
			productType = "com.apple.product-type.bundle.ui-testing";
		};
/* End PBXNativeTarget section */

/* Begin PBXProject section */
		05E8109B2E9FFE1C0024CAB0 /* Project object */ = {
			isa = PBXProject;
			attributes = {
				BuildIndependentTargetsInParallel = 1;
				LastSwiftUpdateCheck = 2600;
				LastUpgradeCheck = 2600;
				TargetAttributes = {
					05E810A22E9FFE1C0024CAB0 = {
						CreatedOnToolsVersion = 26.0;
					};
					05E810B12E9FFE1F0024CAB0 = {
						CreatedOnToolsVersion = 26.0;
						TestTargetID = 05E810A22E9FFE1C0024CAB0;
					};
					05E810BB2E9FFE1F0024CAB0 = {
						CreatedOnToolsVersion = 26.0;
						TestTargetID = 05E810A22E9FFE1C0024CAB0;
					};
				};
			};
			buildConfigurationList = 05E8109E2E9FFE1C0024CAB0 /* Build configuration list for PBXProject "FTPClient" */;
			developmentRegion = en;
			hasScannedForEncodings = 0;
			knownRegions = (
				en,
				Base,
			);
			mainGroup = 05E8109A2E9FFE1C0024CAB0;
			minimizedProjectReferenceProxies = 1;
			packageReferences = (
				05C7B4042EA0059600FC3CE5 /* XCLocalSwiftPackageReference "FTPClientLib" */,
			);
			preferredProjectObjectVersion = 77;
			productRefGroup = 05E810A42E9FFE1C0024CAB0 /* Products */;
			projectDirPath = "";
			projectRoot = "";
			targets = (
				05E810A22E9FFE1C0024CAB0 /* FTPClient */,
				05E810B12E9FFE1F0024CAB0 /* FTPClientTests */,
				05E810BB2E9FFE1F0024CAB0 /* FTPClientUITests */,
			);
		};
/* End PBXProject section */

/* Begin PBXResourcesBuildPhase section */
		05E810A12E9FFE1C0024CAB0 /* Resources */ = {
			isa = PBXResourcesBuildPhase;
			buildActionMask = 2147483647;
			files = (
			);
			runOnlyForDeploymentPostprocessing = 0;
		};
		05E810B02E9FFE1F0024CAB0 /* Resources */ = {
			isa = PBXResourcesBuildPhase;
			buildActionMask = 2147483647;
			files = (
			);
			runOnlyForDeploymentPostprocessing = 0;
		};
		05E810BA2E9FFE1F0024CAB0 /* Resources */ = {
			isa = PBXResourcesBuildPhase;
			buildActionMask = 2147483647;
			files = (
			);
			runOnlyForDeploymentPostprocessing = 0;
		};
/* End PBXResourcesBuildPhase section */

/* Begin PBXSourcesBuildPhase section */
		05E8109F2E9FFE1C0024CAB0 /* Sources */ = {
			isa = PBXSourcesBuildPhase;
			buildActionMask = 2147483647;
			files = (
			);
			runOnlyForDeploymentPostprocessing = 0;
		};
		05E810AE2E9FFE1F0024CAB0 /* Sources */ = {
			isa = PBXSourcesBuildPhase;
			buildActionMask = 2147483647;
			files = (
			);
			runOnlyForDeploymentPostprocessing = 0;
		};
		05E810B82E9FFE1F0024CAB0 /* Sources */ = {
			isa = PBXSourcesBuildPhase;
			buildActionMask = 2147483647;
			files = (
			);
			runOnlyForDeploymentPostprocessing = 0;
		};
/* End PBXSourcesBuildPhase section */

/* Begin PBXTargetDependency section */
		05E810B42E9FFE1F0024CAB0 /* PBXTargetDependency */ = {
			isa = PBXTargetDependency;
			target = 05E810A22E9FFE1C0024CAB0 /* FTPClient */;
			targetProxy = 05E810B32E9FFE1F0024CAB0 /* PBXContainerItemProxy */;
		};
		05E810BE2E9FFE1F0024CAB0 /* PBXTargetDependency */ = {
			isa = PBXTargetDependency;
			target = 05E810A22E9FFE1C0024CAB0 /* FTPClient */;
			targetProxy = 05E810BD2E9FFE1F0024CAB0 /* PBXContainerItemProxy */;
		};
/* End PBXTargetDependency section */

/* Begin XCBuildConfiguration section */
		05E810C42E9FFE1F0024CAB0 /* Debug */ = {
			isa = XCBuildConfiguration;
			buildSettings = {
				ALWAYS_SEARCH_USER_PATHS = NO;
				ASSETCATALOG_COMPILER_GENERATE_SWIFT_ASSET_SYMBOL_EXTENSIONS = YES;
				CLANG_ANALYZER_NONNULL = YES;
				CLANG_ANALYZER_NUMBER_OBJECT_CONVERSION = YES_AGGRESSIVE;
				CLANG_CXX_LANGUAGE_STANDARD = "gnu++20";
				CLANG_ENABLE_MODULES = YES;
				CLANG_ENABLE_OBJC_ARC = YES;
				CLANG_ENABLE_OBJC_WEAK = YES;
				CLANG_WARN_BLOCK_CAPTURE_AUTORELEASING = YES;
				CLANG_WARN_BOOL_CONVERSION = YES;
				CLANG_WARN_COMMA = YES;
				CLANG_WARN_CONSTANT_CONVERSION = YES;
				CLANG_WARN_DEPRECATED_OBJC_IMPLEMENTATIONS = YES;
				CLANG_WARN_DIRECT_OBJC_ISA_USAGE = YES_ERROR;
				CLANG_WARN_DOCUMENTATION_COMMENTS = YES;
				CLANG_WARN_EMPTY_BODY = YES;
				CLANG_WARN_ENUM_CONVERSION = YES;
				CLANG_WARN_INFINITE_RECURSION = YES;
				CLANG_WARN_INT_CONVERSION = YES;
				CLANG_WARN_NON_LITERAL_NULL_CONVERSION = YES;
				CLANG_WARN_OBJC_IMPLICIT_RETAIN_SELF = YES;
				CLANG_WARN_OBJC_LITERAL_CONVERSION = YES;
				CLANG_WARN_OBJC_ROOT_CLASS = YES_ERROR;
				CLANG_WARN_QUOTED_INCLUDE_IN_FRAMEWORK_HEADER = YES;
				CLANG_WARN_RANGE_LOOP_ANALYSIS = YES;
				CLANG_WARN_STRICT_PROTOTYPES = YES;
				CLANG_WARN_SUSPICIOUS_MOVE = YES;
				CLANG_WARN_UNGUARDED_AVAILABILITY = YES_AGGRESSIVE;
				CLANG_WARN_UNREACHABLE_CODE = YES;
				CLANG_WARN__DUPLICATE_METHOD_MATCH = YES;
				COPY_PHASE_STRIP = NO;
				DEBUG_INFORMATION_FORMAT = dwarf;
				DEVELOPMENT_TEAM = 62XNJ7XMXZ;
				ENABLE_STRICT_OBJC_MSGSEND = YES;
				ENABLE_TESTABILITY = YES;
				ENABLE_USER_SCRIPT_SANDBOXING = YES;
				GCC_C_LANGUAGE_STANDARD = gnu17;
				GCC_DYNAMIC_NO_PIC = NO;
				GCC_NO_COMMON_BLOCKS = YES;
				GCC_OPTIMIZATION_LEVEL = 0;
				GCC_PREPROCESSOR_DEFINITIONS = (
					"DEBUG=1",
					"$(inherited)",
				);
				GCC_WARN_64_TO_32_BIT_CONVERSION = YES;
				GCC_WARN_ABOUT_RETURN_TYPE = YES_ERROR;
				GCC_WARN_UNDECLARED_SELECTOR = YES;
				GCC_WARN_UNINITIALIZED_AUTOS = YES_AGGRESSIVE;
				GCC_WARN_UNUSED_FUNCTION = YES;
				GCC_WARN_UNUSED_VARIABLE = YES;
				IPHONEOS_DEPLOYMENT_TARGET = 26.0;
				LOCALIZATION_PREFERS_STRING_CATALOGS = YES;
				MTL_ENABLE_DEBUG_INFO = INCLUDE_SOURCE;
				MTL_FAST_MATH = YES;
				ONLY_ACTIVE_ARCH = YES;
				SDKROOT = iphoneos;
				SWIFT_ACTIVE_COMPILATION_CONDITIONS = "DEBUG $(inherited)";
				SWIFT_DEFAULT_ACTOR_ISOLATION = MainActor;
				SWIFT_OPTIMIZATION_LEVEL = "-Onone";
				SWIFT_STRICT_CONCURRENCY = complete;
			};
			name = Debug;
		};
		05E810C52E9FFE1F0024CAB0 /* Release */ = {
			isa = XCBuildConfiguration;
			buildSettings = {
				ALWAYS_SEARCH_USER_PATHS = NO;
				ASSETCATALOG_COMPILER_GENERATE_SWIFT_ASSET_SYMBOL_EXTENSIONS = YES;
				CLANG_ANALYZER_NONNULL = YES;
				CLANG_ANALYZER_NUMBER_OBJECT_CONVERSION = YES_AGGRESSIVE;
				CLANG_CXX_LANGUAGE_STANDARD = "gnu++20";
				CLANG_ENABLE_MODULES = YES;
				CLANG_ENABLE_OBJC_ARC = YES;
				CLANG_ENABLE_OBJC_WEAK = YES;
				CLANG_WARN_BLOCK_CAPTURE_AUTORELEASING = YES;
				CLANG_WARN_BOOL_CONVERSION = YES;
				CLANG_WARN_COMMA = YES;
				CLANG_WARN_CONSTANT_CONVERSION = YES;
				CLANG_WARN_DEPRECATED_OBJC_IMPLEMENTATIONS = YES;
				CLANG_WARN_DIRECT_OBJC_ISA_USAGE = YES_ERROR;
				CLANG_WARN_DOCUMENTATION_COMMENTS = YES;
				CLANG_WARN_EMPTY_BODY = YES;
				CLANG_WARN_ENUM_CONVERSION = YES;
				CLANG_WARN_INFINITE_RECURSION = YES;
				CLANG_WARN_INT_CONVERSION = YES;
				CLANG_WARN_NON_LITERAL_NULL_CONVERSION = YES;
				CLANG_WARN_OBJC_IMPLICIT_RETAIN_SELF = YES;
				CLANG_WARN_OBJC_LITERAL_CONVERSION = YES;
				CLANG_WARN_OBJC_ROOT_CLASS = YES_ERROR;
				CLANG_WARN_QUOTED_INCLUDE_IN_FRAMEWORK_HEADER = YES;
				CLANG_WARN_RANGE_LOOP_ANALYSIS = YES;
				CLANG_WARN_STRICT_PROTOTYPES = YES;
				CLANG_WARN_SUSPICIOUS_MOVE = YES;
				CLANG_WARN_UNGUARDED_AVAILABILITY = YES_AGGRESSIVE;
				CLANG_WARN_UNREACHABLE_CODE = YES;
				CLANG_WARN__DUPLICATE_METHOD_MATCH = YES;
				COPY_PHASE_STRIP = NO;
				DEBUG_INFORMATION_FORMAT = "dwarf-with-dsym";
				DEVELOPMENT_TEAM = 62XNJ7XMXZ;
				ENABLE_NS_ASSERTIONS = NO;
				ENABLE_STRICT_OBJC_MSGSEND = YES;
				ENABLE_USER_SCRIPT_SANDBOXING = YES;
				GCC_C_LANGUAGE_STANDARD = gnu17;
				GCC_NO_COMMON_BLOCKS = YES;
				GCC_WARN_64_TO_32_BIT_CONVERSION = YES;
				GCC_WARN_ABOUT_RETURN_TYPE = YES_ERROR;
				GCC_WARN_UNDECLARED_SELECTOR = YES;
				GCC_WARN_UNINITIALIZED_AUTOS = YES_AGGRESSIVE;
				GCC_WARN_UNUSED_FUNCTION = YES;
				GCC_WARN_UNUSED_VARIABLE = YES;
				IPHONEOS_DEPLOYMENT_TARGET = 26.0;
				LOCALIZATION_PREFERS_STRING_CATALOGS = YES;
				MTL_ENABLE_DEBUG_INFO = NO;
				MTL_FAST_MATH = YES;
				SDKROOT = iphoneos;
				SWIFT_COMPILATION_MODE = wholemodule;
				SWIFT_DEFAULT_ACTOR_ISOLATION = MainActor;
				SWIFT_STRICT_CONCURRENCY = complete;
				VALIDATE_PRODUCT = YES;
			};
			name = Release;
		};
		05E810C72E9FFE1F0024CAB0 /* Debug */ = {
			isa = XCBuildConfiguration;
			buildSettings = {
				ASSETCATALOG_COMPILER_APPICON_NAME = AppIcon;
				ASSETCATALOG_COMPILER_GLOBAL_ACCENT_COLOR_NAME = AccentColor;
				CODE_SIGN_STYLE = Automatic;
				CURRENT_PROJECT_VERSION = 1;
				DEVELOPMENT_TEAM = 62XNJ7XMXZ;
				ENABLE_PREVIEWS = YES;
				GENERATE_INFOPLIST_FILE = YES;
				INFOPLIST_FILE = FTPClient/Info.plist;
				INFOPLIST_KEY_UIApplicationSceneManifest_Generation = YES;
				INFOPLIST_KEY_UIApplicationSupportsIndirectInputEvents = YES;
				INFOPLIST_KEY_UILaunchScreen_Generation = YES;
				INFOPLIST_KEY_UISupportedInterfaceOrientations_iPad = "UIInterfaceOrientationPortrait UIInterfaceOrientationPortraitUpsideDown UIInterfaceOrientationLandscapeLeft UIInterfaceOrientationLandscapeRight";
				INFOPLIST_KEY_UISupportedInterfaceOrientations_iPhone = "UIInterfaceOrientationPortrait UIInterfaceOrientationLandscapeLeft UIInterfaceOrientationLandscapeRight";
				LD_RUNPATH_SEARCH_PATHS = (
					"$(inherited)",
					"@executable_path/Frameworks",
				);
				MARKETING_VERSION = 1.0;
				PRODUCT_BUNDLE_IDENTIFIER = com.retepv.FTPClient;
				PRODUCT_NAME = "$(TARGET_NAME)";
				STRING_CATALOG_GENERATE_SYMBOLS = YES;
				SWIFT_APPROACHABLE_CONCURRENCY = NO;
				SWIFT_DEFAULT_ACTOR_ISOLATION = MainActor;
				SWIFT_EMIT_LOC_STRINGS = YES;
				SWIFT_STRICT_CONCURRENCY = complete;
				SWIFT_UPCOMING_FEATURE_MEMBER_IMPORT_VISIBILITY = YES;
				SWIFT_VERSION = 5.0;
				TARGETED_DEVICE_FAMILY = "1,2";
			};
			name = Debug;
		};
		05E810C82E9FFE1F0024CAB0 /* Release */ = {
			isa = XCBuildConfiguration;
			buildSettings = {
				ASSETCATALOG_COMPILER_APPICON_NAME = AppIcon;
				ASSETCATALOG_COMPILER_GLOBAL_ACCENT_COLOR_NAME = AccentColor;
				CODE_SIGN_STYLE = Automatic;
				CURRENT_PROJECT_VERSION = 1;
				DEVELOPMENT_TEAM = 62XNJ7XMXZ;
				ENABLE_PREVIEWS = YES;
				GENERATE_INFOPLIST_FILE = YES;
				INFOPLIST_FILE = FTPClient/Info.plist;
				INFOPLIST_KEY_UIApplicationSceneManifest_Generation = YES;
				INFOPLIST_KEY_UIApplicationSupportsIndirectInputEvents = YES;
				INFOPLIST_KEY_UILaunchScreen_Generation = YES;
				INFOPLIST_KEY_UISupportedInterfaceOrientations_iPad = "UIInterfaceOrientationPortrait UIInterfaceOrientationPortraitUpsideDown UIInterfaceOrientationLandscapeLeft UIInterfaceOrientationLandscapeRight";
				INFOPLIST_KEY_UISupportedInterfaceOrientations_iPhone = "UIInterfaceOrientationPortrait UIInterfaceOrientationLandscapeLeft UIInterfaceOrientationLandscapeRight";
				LD_RUNPATH_SEARCH_PATHS = (
					"$(inherited)",
					"@executable_path/Frameworks",
				);
				MARKETING_VERSION = 1.0;
				PRODUCT_BUNDLE_IDENTIFIER = com.retepv.FTPClient;
				PRODUCT_NAME = "$(TARGET_NAME)";
				STRING_CATALOG_GENERATE_SYMBOLS = YES;
				SWIFT_APPROACHABLE_CONCURRENCY = NO;
				SWIFT_DEFAULT_ACTOR_ISOLATION = MainActor;
				SWIFT_EMIT_LOC_STRINGS = YES;
				SWIFT_STRICT_CONCURRENCY = complete;
				SWIFT_UPCOMING_FEATURE_MEMBER_IMPORT_VISIBILITY = YES;
				SWIFT_VERSION = 5.0;
				TARGETED_DEVICE_FAMILY = "1,2";
			};
			name = Release;
		};
		05E810CA2E9FFE1F0024CAB0 /* Debug */ = {
			isa = XCBuildConfiguration;
			buildSettings = {
				BUNDLE_LOADER = "$(TEST_HOST)";
				CODE_SIGN_STYLE = Automatic;
				CURRENT_PROJECT_VERSION = 1;
				DEVELOPMENT_TEAM = 62XNJ7XMXZ;
				GENERATE_INFOPLIST_FILE = YES;
				IPHONEOS_DEPLOYMENT_TARGET = 26.0;
				MARKETING_VERSION = 1.0;
				PRODUCT_BUNDLE_IDENTIFIER = com.retepv.FTPClientTests;
				PRODUCT_NAME = "$(TARGET_NAME)";
				STRING_CATALOG_GENERATE_SYMBOLS = NO;
				SWIFT_APPROACHABLE_CONCURRENCY = YES;
				SWIFT_EMIT_LOC_STRINGS = NO;
				SWIFT_UPCOMING_FEATURE_MEMBER_IMPORT_VISIBILITY = YES;
				SWIFT_VERSION = 5.0;
				TARGETED_DEVICE_FAMILY = "1,2";
				TEST_HOST = "$(BUILT_PRODUCTS_DIR)/FTPClient.app/$(BUNDLE_EXECUTABLE_FOLDER_PATH)/FTPClient";
			};
			name = Debug;
		};
		05E810CB2E9FFE1F0024CAB0 /* Release */ = {
			isa = XCBuildConfiguration;
			buildSettings = {
				BUNDLE_LOADER = "$(TEST_HOST)";
				CODE_SIGN_STYLE = Automatic;
				CURRENT_PROJECT_VERSION = 1;
				DEVELOPMENT_TEAM = 62XNJ7XMXZ;
				GENERATE_INFOPLIST_FILE = YES;
				IPHONEOS_DEPLOYMENT_TARGET = 26.0;
				MARKETING_VERSION = 1.0;
				PRODUCT_BUNDLE_IDENTIFIER = com.retepv.FTPClientTests;
				PRODUCT_NAME = "$(TARGET_NAME)";
				STRING_CATALOG_GENERATE_SYMBOLS = NO;
				SWIFT_APPROACHABLE_CONCURRENCY = YES;
				SWIFT_EMIT_LOC_STRINGS = NO;
				SWIFT_UPCOMING_FEATURE_MEMBER_IMPORT_VISIBILITY = YES;
				SWIFT_VERSION = 5.0;
				TARGETED_DEVICE_FAMILY = "1,2";
				TEST_HOST = "$(BUILT_PRODUCTS_DIR)/FTPClient.app/$(BUNDLE_EXECUTABLE_FOLDER_PATH)/FTPClient";
			};
			name = Release;
		};
		05E810CD2E9FFE1F0024CAB0 /* Debug */ = {
			isa = XCBuildConfiguration;
			buildSettings = {
				CODE_SIGN_STYLE = Automatic;
				CURRENT_PROJECT_VERSION = 1;
				DEVELOPMENT_TEAM = 62XNJ7XMXZ;
				GENERATE_INFOPLIST_FILE = YES;
				MARKETING_VERSION = 1.0;
				PRODUCT_BUNDLE_IDENTIFIER = com.retepv.FTPClientUITests;
				PRODUCT_NAME = "$(TARGET_NAME)";
				STRING_CATALOG_GENERATE_SYMBOLS = NO;
				SWIFT_APPROACHABLE_CONCURRENCY = YES;
				SWIFT_EMIT_LOC_STRINGS = NO;
				SWIFT_UPCOMING_FEATURE_MEMBER_IMPORT_VISIBILITY = YES;
				SWIFT_VERSION = 5.0;
				TARGETED_DEVICE_FAMILY = "1,2";
				TEST_TARGET_NAME = FTPClient;
			};
			name = Debug;
		};
		05E810CE2E9FFE1F0024CAB0 /* Release */ = {
			isa = XCBuildConfiguration;
			buildSettings = {
				CODE_SIGN_STYLE = Automatic;
				CURRENT_PROJECT_VERSION = 1;
				DEVELOPMENT_TEAM = 62XNJ7XMXZ;
				GENERATE_INFOPLIST_FILE = YES;
				MARKETING_VERSION = 1.0;
				PRODUCT_BUNDLE_IDENTIFIER = com.retepv.FTPClientUITests;
				PRODUCT_NAME = "$(TARGET_NAME)";
				STRING_CATALOG_GENERATE_SYMBOLS = NO;
				SWIFT_APPROACHABLE_CONCURRENCY = YES;
				SWIFT_EMIT_LOC_STRINGS = NO;
				SWIFT_UPCOMING_FEATURE_MEMBER_IMPORT_VISIBILITY = YES;
				SWIFT_VERSION = 5.0;
				TARGETED_DEVICE_FAMILY = "1,2";
				TEST_TARGET_NAME = FTPClient;
			};
			name = Release;
		};
/* End XCBuildConfiguration section */

/* Begin XCConfigurationList section */
		05E8109E2E9FFE1C0024CAB0 /* Build configuration list for PBXProject "FTPClient" */ = {
			isa = XCConfigurationList;
			buildConfigurations = (
				05E810C42E9FFE1F0024CAB0 /* Debug */,
				05E810C52E9FFE1F0024CAB0 /* Release */,
			);
			defaultConfigurationIsVisible = 0;
			defaultConfigurationName = Release;
		};
		05E810C62E9FFE1F0024CAB0 /* Build configuration list for PBXNativeTarget "FTPClient" */ = {
			isa = XCConfigurationList;
			buildConfigurations = (
				05E810C72E9FFE1F0024CAB0 /* Debug */,
				05E810C82E9FFE1F0024CAB0 /* Release */,
			);
			defaultConfigurationIsVisible = 0;
			defaultConfigurationName = Release;
		};
		05E810C92E9FFE1F0024CAB0 /* Build configuration list for PBXNativeTarget "FTPClientTests" */ = {
			isa = XCConfigurationList;
			buildConfigurations = (
				05E810CA2E9FFE1F0024CAB0 /* Debug */,
				05E810CB2E9FFE1F0024CAB0 /* Release */,
			);
			defaultConfigurationIsVisible = 0;
			defaultConfigurationName = Release;
		};
		05E810CC2E9FFE1F0024CAB0 /* Build configuration list for PBXNativeTarget "FTPClientUITests" */ = {
			isa = XCConfigurationList;
			buildConfigurations = (
				05E810CD2E9FFE1F0024CAB0 /* Debug */,
				05E810CE2E9FFE1F0024CAB0 /* Release */,
			);
			defaultConfigurationIsVisible = 0;
			defaultConfigurationName = Release;
		};
/* End XCConfigurationList section */

/* Begin XCLocalSwiftPackageReference section */
		05C7B4042EA0059600FC3CE5 /* XCLocalSwiftPackageReference "FTPClientLib" */ = {
			isa = XCLocalSwiftPackageReference;
			relativePath = FTPClientLib;
		};
/* End XCLocalSwiftPackageReference section */

/* Begin XCSwiftPackageProductDependency section */
		05C7B4052EA0059600FC3CE5 /* FTPClientLib */ = {
			isa = XCSwiftPackageProductDependency;
			productName = FTPClientLib;
		};
/* End XCSwiftPackageProductDependency section */
	};
	rootObject = 05E8109B2E9FFE1C0024CAB0 /* Project object */;
}
